<?xml version="1.0" encoding="utf-8"?>
<Project ToolsVersion="4.0" xmlns="http://schemas.microsoft.com/developer/msbuild/2003">
  <ItemGroup>
    <ClCompile Include="BrowserSource.cpp">
      <Filter>Source</Filter>
    </ClCompile>
    <ClCompile Include="BrowserSourcePlugin.cpp">
      <Filter>Source</Filter>
    </ClCompile>
    <ClCompile Include="STLUtilities.cpp">
      <Filter>Utilities</Filter>
    </ClCompile>
  </ItemGroup>
  <ItemGroup>
    <ClInclude Include="BrowserManager.h">
      <Filter>Headers</Filter>
    </ClInclude>
    <ClInclude Include="BrowserSource.h">
      <Filter>Headers</Filter>
    </ClInclude>
    <ClInclude Include="BrowserSourcePlugin.h">
      <Filter>Headers</Filter>
    </ClInclude>
    <ClInclude Include="Localization.h">
      <Filter>Headers</Filter>
    </ClInclude>
    <ClInclude Include="resource.h">
      <Filter>Headers</Filter>
    </ClInclude>
    <ClInclude Include="MimeTypes.h">
      <Filter>Headers</Filter>
    </ClInclude>
    <ClInclude Include="STLUtilities.h">
      <Filter>Utilities</Filter>
    </ClInclude>
    <ClInclude Include="LocalFileHandler.h">
      <Filter>Headers</Filter>
    </ClInclude>
  </ItemGroup>
  <ItemGroup>
    <Filter Include="Headers">
      <UniqueIdentifier>{a2e6bc78-3c7e-45de-8a80-a74bdcef1b83}</UniqueIdentifier>
    </Filter>
    <Filter Include="Resources">
      <UniqueIdentifier>{eaab4fe5-9b27-442c-8663-4d24313a0f10}</UniqueIdentifier>
    </Filter>
    <Filter Include="Source">
      <UniqueIdentifier>{ae02072f-6531-4e91-9936-6b65b7667895}</UniqueIdentifier>
    </Filter>
    <Filter Include="Utilities">
      <UniqueIdentifier>{c219fcfc-1118-45c4-b8d4-9dcc229d9c8e}</UniqueIdentifier>
    </Filter>
  </ItemGroup>
  <ItemGroup>
    <ResourceCompile Include="BrowserSourcePlugin.rc">
      <Filter>Resources</Filter>
    </ResourceCompile>
  </ItemGroup>
</Project>